{
  "nodes": {
    "flake-utils": {
      "locked": {
        "lastModified": 1656928814,
        "narHash": "sha256-RIFfgBuKz6Hp89yRr7+NR5tzIAbn52h8vT6vXkYjZoM=",
        "owner": "numtide",
        "repo": "flake-utils",
        "rev": "7e2a3b3dfd9af950a856d66b0a7d01e3c18aa249",
        "type": "github"
      },
      "original": {
        "owner": "numtide",
        "repo": "flake-utils",
        "type": "github"
      }
    },
    "home-manager": {
      "inputs": {
        "nixpkgs": [
          "nixpkgs"
        ]
      },
      "locked": {
        "lastModified": 1707683400,
        "narHash": "sha256-Zc+J3UO1Xpx+NL8UB6woPHyttEy9cXXtm+0uWwzuYDc=",
        "owner": "nix-community",
        "repo": "home-manager",
        "rev": "21b078306a2ab68748abf72650db313d646cf2ca",
        "type": "github"
      },
      "original": {
        "id": "home-manager",
        "type": "indirect"
      }
    },
    "nixpkgs": {
      "locked": {
        "lastModified": 1707588924,
        "narHash": "sha256-0e1ce6X5ghapv6cAF9rxLZKeNyFHHXsLbGxN2cQQE8U=",
        "owner": "NixOS",
        "repo": "nixpkgs",
        "rev": "10b813040df67c4039086db0f6eaf65c536886c6",
        "type": "github"
      },
      "original": {
        "id": "nixpkgs",
        "type": "indirect"
      }
    },
    "root": {
      "inputs": {
        "home-manager": "home-manager",
        "nixpkgs": "nixpkgs",
        "vbeterm": "vbeterm"
      }
    },
    "vbeterm": {
      "inputs": {
        "flake-utils": "flake-utils",
        "nixpkgs": [
          "nixpkgs"
        ]
      },
      "locked": {
        "lastModified": 1707500923,
        "narHash": "sha256-w3hs07tpND/2wdgb8vgv1SfqSnSnf3MqpozRZubzAUA=",
        "owner": "vincentbernat",
        "repo": "vbeterm",
        "rev": "92969f97b9e0a4080bad8d0e5d5b1cd963b19950",
        "type": "github"
      },
      "original": {
        "owner": "vincentbernat",
        "repo": "vbeterm",
        "type": "github"
      }
    }
  },
  "root": "root",
  "version": 7
}
